<?xml version="1.0" encoding="utf-8"?>
<Project ToolsVersion="4.0" xmlns="http://schemas.microsoft.com/developer/msbuild/2003">
  <ItemGroup>
    <ClCompile Include="..\..\..\src\Math\Matrix.cpp" />
    <ClCompile Include="..\..\..\src\Math\Vector2.cpp" />
    <ClCompile Include="..\..\..\src\Math\Vector3.cpp" />
    <ClCompile Include="..\..\..\src\Math\Vector4.cpp" />
    <ClCompile Include="..\..\..\src\Math\Transform.cpp" />
  </ItemGroup>
  <ItemGroup>
    <ClInclude Include="..\..\..\src\Math\Matrix.h" />
    <ClInclude Include="..\..\..\src\Math\Vector2.h" />
    <ClInclude Include="..\..\..\src\Math\Vector3.h" />
    <ClInclude Include="..\..\..\src\Math\Vector4.h" />
    <ClInclude Include="..\..\..\src\Math\Transform.h" />
    <ClInclude Include="..\..\..\src\Math\MathUtils.h" />
  </ItemGroup>
</Project>