<?xml version="1.0" encoding="utf-8"?>
<Project ToolsVersion="4.0" xmlns="http://schemas.microsoft.com/developer/msbuild/2003">
  <ItemGroup>
    <ClCompile Include="..\..\..\src\Editor\TestWidgets.cpp" />
    <ClCompile Include="..\..\..\src\Editor\EditorEntryPoint.cpp" />
  </ItemGroup>
  <ItemGroup>
    <ClInclude Include="..\..\..\src\Editor\TestWidgets.h" />
    <ClInclude Include="..\..\..\src\Editor\EditorEntryPoint.h" />
  </ItemGroup>
</Project>