<?xml version="1.0" encoding="utf-8"?>
<Project ToolsVersion="4.0" xmlns="http://schemas.microsoft.com/developer/msbuild/2003">
  <ItemGroup>
    <ClCompile Include="..\..\..\src\Core\Camera.cpp" />
    <ClCompile Include="..\..\..\src\Core\Engine.cpp" />
    <ClCompile Include="..\..\..\src\Core\Object.cpp" />
    <ClCompile Include="..\..\..\src\Core\GraphicsEngine.cpp" />
    <ClCompile Include="..\..\..\src\Core\IController.cpp" />
    <ClCompile Include="..\..\..\src\Core\Material.cpp" />
    <ClCompile Include="..\..\..\src\Core\Mesh.cpp" />
    <ClCompile Include="..\..\..\src\Core\Texture.cpp" />
    <ClCompile Include="..\..\..\src\Core\RenderWindow.cpp" />
    <ClCompile Include="..\..\..\src\Core\Windows\WindowsRenderWindow.cpp">
      <Filter>Windows</Filter>
    </ClCompile>
    <ClCompile Include="..\..\..\src\Core\Windows\DirectX11GraphicsEngine.cpp">
      <Filter>Windows\DirectX\DirectX11</Filter>
    </ClCompile>
    <ClCompile Include="..\..\..\src\Core\Timer.cpp" />
    <ClCompile Include="..\..\..\src\Core\Windows\WindowsTimer.cpp">
      <Filter>Windows</Filter>
    </ClCompile>
    <ClCompile Include="..\..\..\src\Core\Scene.cpp" />
  </ItemGroup>
  <ItemGroup>
    <ClInclude Include="..\..\..\src\Core\Camera.h" />
    <ClInclude Include="..\..\..\src\Core\Engine.h" />
    <ClInclude Include="..\..\..\src\Core\Object.h" />
    <ClInclude Include="..\..\..\src\Core\GraphicsEngine.h" />
    <ClInclude Include="..\..\..\src\Core\RenderWindow.h" />
    <ClInclude Include="..\..\..\src\Core\IController.h" />
    <ClInclude Include="..\..\..\src\Core\Material.h" />
    <ClInclude Include="..\..\..\src\Core\Mesh.h" />
    <ClInclude Include="..\..\..\src\Core\Texture.h" />
    <ClInclude Include="..\..\..\src\Core\IResource.h" />
    <ClInclude Include="..\..\..\src\Core\Windows\WindowsRenderWindow.h">
      <Filter>Windows</Filter>
    </ClInclude>
    <ClInclude Include="..\..\..\src\Core\RenderWindow.hpp" />
    <ClInclude Include="..\..\..\src\Core\Windows\DirectX11GraphicsEngine.h">
      <Filter>Windows\DirectX\DirectX11</Filter>
    </ClInclude>
    <ClInclude Include="..\..\..\src\Core\Engine.hpp" />
    <ClInclude Include="..\..\..\src\Core\Windows\DirectXUtils.h">
      <Filter>Windows\DirectX</Filter>
    </ClInclude>
    <ClInclude Include="..\..\..\src\Core\Timer.h" />
    <ClInclude Include="..\..\..\src\Core\Windows\WindowsTimer.h">
      <Filter>Windows</Filter>
    </ClInclude>
    <ClInclude Include="..\..\..\src\Core\Scene.h" />
  </ItemGroup>
  <ItemGroup>
    <Filter Include="Windows">
      <UniqueIdentifier>{5683b5c1-7a0e-4009-9644-1da786e6db4a}</UniqueIdentifier>
    </Filter>
    <Filter Include="Windows\DirectX">
      <UniqueIdentifier>{bfac17ff-0348-4dfd-bf24-b72a60bcd5d1}</UniqueIdentifier>
    </Filter>
    <Filter Include="Windows\DirectX\DirectX11">
      <UniqueIdentifier>{e15d3e3a-c8bc-41fb-822f-e24efe411944}</UniqueIdentifier>
    </Filter>
  </ItemGroup>
</Project>