<?xml version="1.0" encoding="utf-8"?>
<Project ToolsVersion="4.0" xmlns="http://schemas.microsoft.com/developer/msbuild/2003">
  <ItemGroup>
    <ClCompile Include="..\..\..\src\Renderer\DirectX\DirectX11\DirectX11Shader.cpp" />
    <ClCompile Include="..\..\..\src\Renderer\DirectX\DirectX11\Oak3DInitDirectX11.cpp" />
    <ClCompile Include="..\..\..\src\Renderer\DirectX\DirectX11\DirectX11DebugTextRenderer.cpp" />
    <ClCompile Include="..\..\..\src\Renderer\DirectX\DirectX11\DirectX11Renderer.cpp" />
  </ItemGroup>
  <ItemGroup>
    <ClInclude Include="..\..\..\src\Renderer\DirectX\DirectX11\DirectX11Shader.h" />
    <ClInclude Include="..\..\..\src\Renderer\DirectX\DirectX11\DirectX11DebugTextRenderer.h" />
    <ClInclude Include="..\..\..\src\Renderer\DirectX\DirectX11\DirectX11Renderer.h" />
  </ItemGroup>
</Project>